
Microsoft Visual Studio Solution File, Format Version 12.00
# Visual Studio Version 17
VisualStudioVersion = 17.10.35027.167
MinimumVisualStudioVersion = 10.0.40219.1
Project("{9A19103F-16F7-4668-BE54-9A1E7A4F7556}") = "StoreApi", "StoreApi.csproj", "{0A7C08E7-8E0C-4AE2-9D5E-B9A252AFCD7A}"
EndProject
Project("{FAE04EC0-301F-11D3-BF4B-00C04F79EFBC}") = "ThreeApi", "..\ThreeApi\ThreeApi.csproj", "{B51CF53E-C962-4CC0-A714-49358D5984E6}"
EndProject
Global
	GlobalSection(SolutionConfigurationPlatforms) = preSolution
		Debug|Any CPU = Debug|Any CPU
		Release|Any CPU = Release|Any CPU
	EndGlobalSection
	GlobalSection(ProjectConfigurationPlatforms) = postSolution
		{0A7C08E7-8E0C-4AE2-9D5E-B9A252AFCD7A}.Debug|Any CPU.ActiveCfg = Debug|Any CPU
		{0A7C08E7-8E0C-4AE2-9D5E-B9A252AFCD7A}.Debug|Any CPU.Build.0 = Debug|Any CPU
		{0A7C08E7-8E0C-4AE2-9D5E-B9A252AFCD7A}.Release|Any CPU.ActiveCfg = Release|Any CPU
		{0A7C08E7-8E0C-4AE2-9D5E-B9A252AFCD7A}.Release|Any CPU.Build.0 = Release|Any CPU
		{B51CF53E-C962-4CC0-A714-49358D5984E6}.Debug|Any CPU.ActiveCfg = Debug|Any CPU
		{B51CF53E-C962-4CC0-A714-49358D5984E6}.Debug|Any CPU.Build.0 = Debug|Any CPU
		{B51CF53E-C962-4CC0-A714-49358D5984E6}.Release|Any CPU.ActiveCfg = Release|Any CPU
		{B51CF53E-C962-4CC0-A714-49358D5984E6}.Release|Any CPU.Build.0 = Release|Any CPU
	EndGlobalSection
	GlobalSection(SolutionProperties) = preSolution
		HideSolutionNode = FALSE
	EndGlobalSection
	GlobalSection(ExtensibilityGlobals) = postSolution
		SolutionGuid = {99F9103C-5885-42C0-B4C7-59214217EE10}
	EndGlobalSection
EndGlobal
